
Microsoft Visual Studio Solution File, Format Version 12.00
# Visual Studio Version 16
VisualStudioVersion = 16.0.30114.105
MinimumVisualStudioVersion = 10.0.40219.1
Project("{FAE04EC0-301F-11D3-BF4B-00C04F79EFBC}") = "laba 6.1", "laba 6.1\laba 6.1.csproj", "{123F0F3B-C6D2-4164-B889-4E588D3AAED5}"
EndProject
Global
	GlobalSection(SolutionConfigurationPlatforms) = preSolution
		Debug|Any CPU = Debug|Any CPU
		Release|Any CPU = Release|Any CPU
	EndGlobalSection
	GlobalSection(ProjectConfigurationPlatforms) = postSolution
		{123F0F3B-C6D2-4164-B889-4E588D3AAED5}.Debug|Any CPU.ActiveCfg = Debug|Any CPU
		{123F0F3B-C6D2-4164-B889-4E588D3AAED5}.Debug|Any CPU.Build.0 = Debug|Any CPU
		{123F0F3B-C6D2-4164-B889-4E588D3AAED5}.Release|Any CPU.ActiveCfg = Release|Any CPU
		{123F0F3B-C6D2-4164-B889-4E588D3AAED5}.Release|Any CPU.Build.0 = Release|Any CPU
	EndGlobalSection
	GlobalSection(SolutionProperties) = preSolution
		HideSolutionNode = FALSE
	EndGlobalSection
	GlobalSection(ExtensibilityGlobals) = postSolution
		SolutionGuid = {57C44323-8B41-469B-A582-59F91D98501A}
	EndGlobalSection
EndGlobal
